
Microsoft Visual Studio Solution File, Format Version 12.00
# Visual Studio Version 16
VisualStudioVersion = 16.0.29728.190
MinimumVisualStudioVersion = 10.0.40219.1
Project("{FAE04EC0-301F-11D3-BF4B-00C04F79EFBC}") = "StorageQueueSolutions", "StorageQueueSolutions\StorageQueueSolutions.csproj", "{7939C9A1-7B10-468C-BCBF-C5471A100EEE}"
EndProject
Global
	GlobalSection(SolutionConfigurationPlatforms) = preSolution
		Debug|Any CPU = Debug|Any CPU
		Release|Any CPU = Release|Any CPU
	EndGlobalSection
	GlobalSection(ProjectConfigurationPlatforms) = postSolution
		{7939C9A1-7B10-468C-BCBF-C5471A100EEE}.Debug|Any CPU.ActiveCfg = Debug|Any CPU
		{7939C9A1-7B10-468C-BCBF-C5471A100EEE}.Debug|Any CPU.Build.0 = Debug|Any CPU
		{7939C9A1-7B10-468C-BCBF-C5471A100EEE}.Release|Any CPU.ActiveCfg = Release|Any CPU
		{7939C9A1-7B10-468C-BCBF-C5471A100EEE}.Release|Any CPU.Build.0 = Release|Any CPU
	EndGlobalSection
	GlobalSection(SolutionProperties) = preSolution
		HideSolutionNode = FALSE
	EndGlobalSection
	GlobalSection(ExtensibilityGlobals) = postSolution
		SolutionGuid = {BBA54B60-98AD-48FB-97A5-0FC985C6C543}
	EndGlobalSection
EndGlobal
